
Microsoft Visual Studio Solution File, Format Version 12.00
# Visual Studio Version 17
VisualStudioVersion = 17.0.31903.59
MinimumVisualStudioVersion = 10.0.40219.1
Project("{2150E333-8FDC-42A3-9474-1A3956D46DE8}") = "src", "src", "{B2ED76B7-AF63-43D6-B5C1-45BBFC54B73C}"
EndProject
Project("{2150E333-8FDC-42A3-9474-1A3956D46DE8}") = "test", "test", "{FD91395C-7DCC-4304-B896-1D6323D66FF0}"
EndProject
Project("{9A19103F-16F7-4668-BE54-9A1E7A4F7556}") = "Elmah.Io.Heartbeats.Hangfire", "src\Elmah.Io.Heartbeats.Hangfire\Elmah.Io.Heartbeats.Hangfire.csproj", "{6C9903FE-623F-4198-BFA0-16F2580D274A}"
EndProject
Project("{2150E333-8FDC-42A3-9474-1A3956D46DE8}") = "samples", "samples", "{2E1CA899-7F72-49DA-9856-D6AD712B5E68}"
EndProject
Project("{9A19103F-16F7-4668-BE54-9A1E7A4F7556}") = "Elmah.Io.Heartbeats.Hangfire.AspNetCore60", "samples\Elmah.Io.Heartbeats.Hangfire.AspNetCore60\Elmah.Io.Heartbeats.Hangfire.AspNetCore60.csproj", "{EF01614B-558F-4909-A608-32D9CCDEC1EA}"
EndProject
Project("{9A19103F-16F7-4668-BE54-9A1E7A4F7556}") = "Elmah.Io.Heartbeats.Hangfire.Tests", "test\Elmah.Io.Heartbeats.Hangfire.Tests\Elmah.Io.Heartbeats.Hangfire.Tests.csproj", "{E69F56C4-DFF9-43E1-B68A-6D6BDE574AFD}"
EndProject
Project("{FAE04EC0-301F-11D3-BF4B-00C04F79EFBC}") = "Elmah.Io.Heartbeats.Hangfire.AspNetCore80", "samples\Elmah.Io.Heartbeats.Hangfire.AspNetCore80\Elmah.Io.Heartbeats.Hangfire.AspNetCore80.csproj", "{1FA77E70-A872-4B74-AFAC-B114A24C9940}"
EndProject
Project("{FAE04EC0-301F-11D3-BF4B-00C04F79EFBC}") = "Elmah.Io.Heartbeats.Hangfire.AspNetCore90", "samples\Elmah.Io.Heartbeats.Hangfire.AspNetCore90\Elmah.Io.Heartbeats.Hangfire.AspNetCore90.csproj", "{3947C9A1-78EF-4637-8DB3-EEE4CCF91E8D}"
EndProject
Global
	GlobalSection(SolutionConfigurationPlatforms) = preSolution
		Debug|Any CPU = Debug|Any CPU
		Release|Any CPU = Release|Any CPU
	EndGlobalSection
	GlobalSection(ProjectConfigurationPlatforms) = postSolution
		{6C9903FE-623F-4198-BFA0-16F2580D274A}.Debug|Any CPU.ActiveCfg = Debug|Any CPU
		{6C9903FE-623F-4198-BFA0-16F2580D274A}.Debug|Any CPU.Build.0 = Debug|Any CPU
		{6C9903FE-623F-4198-BFA0-16F2580D274A}.Release|Any CPU.ActiveCfg = Release|Any CPU
		{6C9903FE-623F-4198-BFA0-16F2580D274A}.Release|Any CPU.Build.0 = Release|Any CPU
		{EF01614B-558F-4909-A608-32D9CCDEC1EA}.Debug|Any CPU.ActiveCfg = Debug|Any CPU
		{EF01614B-558F-4909-A608-32D9CCDEC1EA}.Debug|Any CPU.Build.0 = Debug|Any CPU
		{EF01614B-558F-4909-A608-32D9CCDEC1EA}.Release|Any CPU.ActiveCfg = Release|Any CPU
		{EF01614B-558F-4909-A608-32D9CCDEC1EA}.Release|Any CPU.Build.0 = Release|Any CPU
		{E69F56C4-DFF9-43E1-B68A-6D6BDE574AFD}.Debug|Any CPU.ActiveCfg = Debug|Any CPU
		{E69F56C4-DFF9-43E1-B68A-6D6BDE574AFD}.Debug|Any CPU.Build.0 = Debug|Any CPU
		{E69F56C4-DFF9-43E1-B68A-6D6BDE574AFD}.Release|Any CPU.ActiveCfg = Release|Any CPU
		{E69F56C4-DFF9-43E1-B68A-6D6BDE574AFD}.Release|Any CPU.Build.0 = Release|Any CPU
		{1FA77E70-A872-4B74-AFAC-B114A24C9940}.Debug|Any CPU.ActiveCfg = Debug|Any CPU
		{1FA77E70-A872-4B74-AFAC-B114A24C9940}.Debug|Any CPU.Build.0 = Debug|Any CPU
		{1FA77E70-A872-4B74-AFAC-B114A24C9940}.Release|Any CPU.ActiveCfg = Release|Any CPU
		{1FA77E70-A872-4B74-AFAC-B114A24C9940}.Release|Any CPU.Build.0 = Release|Any CPU
		{3947C9A1-78EF-4637-8DB3-EEE4CCF91E8D}.Debug|Any CPU.ActiveCfg = Debug|Any CPU
		{3947C9A1-78EF-4637-8DB3-EEE4CCF91E8D}.Debug|Any CPU.Build.0 = Debug|Any CPU
		{3947C9A1-78EF-4637-8DB3-EEE4CCF91E8D}.Release|Any CPU.ActiveCfg = Release|Any CPU
		{3947C9A1-78EF-4637-8DB3-EEE4CCF91E8D}.Release|Any CPU.Build.0 = Release|Any CPU
	EndGlobalSection
	GlobalSection(SolutionProperties) = preSolution
		HideSolutionNode = FALSE
	EndGlobalSection
	GlobalSection(NestedProjects) = preSolution
		{6C9903FE-623F-4198-BFA0-16F2580D274A} = {B2ED76B7-AF63-43D6-B5C1-45BBFC54B73C}
		{EF01614B-558F-4909-A608-32D9CCDEC1EA} = {2E1CA899-7F72-49DA-9856-D6AD712B5E68}
		{E69F56C4-DFF9-43E1-B68A-6D6BDE574AFD} = {FD91395C-7DCC-4304-B896-1D6323D66FF0}
		{1FA77E70-A872-4B74-AFAC-B114A24C9940} = {2E1CA899-7F72-49DA-9856-D6AD712B5E68}
		{3947C9A1-78EF-4637-8DB3-EEE4CCF91E8D} = {2E1CA899-7F72-49DA-9856-D6AD712B5E68}
	EndGlobalSection
	GlobalSection(ExtensibilityGlobals) = postSolution
		SolutionGuid = {269E0662-F4F6-4419-9157-5D0533AD1C56}
	EndGlobalSection
EndGlobal
